
Microsoft Visual Studio Solution File, Format Version 12.00
# Visual Studio Version 16
VisualStudioVersion = 25.0.1704.0
MinimumVisualStudioVersion = 10.0.40219.1
Project("{FAE04EC0-301F-11D3-BF4B-00C04F79EFBC}") = "Identity", "Identity.csproj", "{1B2E2830-D26E-42AD-973E-26087F1C0D6E}"
EndProject
Project("{FAE04EC0-301F-11D3-BF4B-00C04F79EFBC}") = "Identity.Tests", "..\Identity.Tests\Identity.Tests.csproj", "{2029B2AD-946B-40AA-B89A-14B7D7775574}"
EndProject
Global
	GlobalSection(SolutionConfigurationPlatforms) = preSolution
		Debug|Any CPU = Debug|Any CPU
		Release|Any CPU = Release|Any CPU
	EndGlobalSection
	GlobalSection(ProjectConfigurationPlatforms) = postSolution
		{1B2E2830-D26E-42AD-973E-26087F1C0D6E}.Debug|Any CPU.ActiveCfg = Debug|Any CPU
		{1B2E2830-D26E-42AD-973E-26087F1C0D6E}.Debug|Any CPU.Build.0 = Debug|Any CPU
		{1B2E2830-D26E-42AD-973E-26087F1C0D6E}.Release|Any CPU.ActiveCfg = Release|Any CPU
		{1B2E2830-D26E-42AD-973E-26087F1C0D6E}.Release|Any CPU.Build.0 = Release|Any CPU
		{2029B2AD-946B-40AA-B89A-14B7D7775574}.Debug|Any CPU.ActiveCfg = Debug|Any CPU
		{2029B2AD-946B-40AA-B89A-14B7D7775574}.Debug|Any CPU.Build.0 = Debug|Any CPU
		{2029B2AD-946B-40AA-B89A-14B7D7775574}.Release|Any CPU.ActiveCfg = Release|Any CPU
		{2029B2AD-946B-40AA-B89A-14B7D7775574}.Release|Any CPU.Build.0 = Release|Any CPU
	EndGlobalSection
	GlobalSection(SolutionProperties) = preSolution
		HideSolutionNode = FALSE
	EndGlobalSection
	GlobalSection(ExtensibilityGlobals) = postSolution
		SolutionGuid = {94279710-B882-41C9-AAC9-000B77DCED2C}
	EndGlobalSection
EndGlobal
